
Microsoft Visual Studio Solution File, Format Version 12.00
# Visual Studio Version 17
VisualStudioVersion = 17.3.32901.215
MinimumVisualStudioVersion = 10.0.40219.1
Project("{FAE04EC0-301F-11D3-BF4B-00C04F79EFBC}") = "Documentation STQA", "Documentation STQA\Documentation STQA.csproj", "{F3900033-7A40-433C-862B-5E2F0233D455}"
EndProject
Global
	GlobalSection(SolutionConfigurationPlatforms) = preSolution
		Debug|Any CPU = Debug|Any CPU
		Release|Any CPU = Release|Any CPU
	EndGlobalSection
	GlobalSection(ProjectConfigurationPlatforms) = postSolution
		{F3900033-7A40-433C-862B-5E2F0233D455}.Debug|Any CPU.ActiveCfg = Debug|Any CPU
		{F3900033-7A40-433C-862B-5E2F0233D455}.Debug|Any CPU.Build.0 = Debug|Any CPU
		{F3900033-7A40-433C-862B-5E2F0233D455}.Release|Any CPU.ActiveCfg = Release|Any CPU
		{F3900033-7A40-433C-862B-5E2F0233D455}.Release|Any CPU.Build.0 = Release|Any CPU
	EndGlobalSection
	GlobalSection(SolutionProperties) = preSolution
		HideSolutionNode = FALSE
	EndGlobalSection
	GlobalSection(ExtensibilityGlobals) = postSolution
		SolutionGuid = {DC910DF7-AF7D-4FC3-B914-6C10264D6504}
	EndGlobalSection
EndGlobal
